
Microsoft Visual Studio Solution File, Format Version 12.00
# Visual Studio Version 17
VisualStudioVersion = 17.9.34701.34
MinimumVisualStudioVersion = 10.0.40219.1
Project("{8BC9CEB8-8B4A-11D0-8D11-00A0C91BC942}") = "test", "test\test.vcxproj", "{F8BF7522-5032-4AEF-8840-CC77E9C9D67A}"
EndProject
Global
	GlobalSection(SolutionConfigurationPlatforms) = preSolution
		Debug|x64 = Debug|x64
		Debug|x86 = Debug|x86
		Release|x64 = Release|x64
		Release|x86 = Release|x86
	EndGlobalSection
	GlobalSection(ProjectConfigurationPlatforms) = postSolution
		{F8BF7522-5032-4AEF-8840-CC77E9C9D67A}.Debug|x64.ActiveCfg = Debug|x64
		{F8BF7522-5032-4AEF-8840-CC77E9C9D67A}.Debug|x64.Build.0 = Debug|x64
		{F8BF7522-5032-4AEF-8840-CC77E9C9D67A}.Debug|x86.ActiveCfg = Debug|Win32
		{F8BF7522-5032-4AEF-8840-CC77E9C9D67A}.Debug|x86.Build.0 = Debug|Win32
		{F8BF7522-5032-4AEF-8840-CC77E9C9D67A}.Release|x64.ActiveCfg = Release|x64
		{F8BF7522-5032-4AEF-8840-CC77E9C9D67A}.Release|x64.Build.0 = Release|x64
		{F8BF7522-5032-4AEF-8840-CC77E9C9D67A}.Release|x86.ActiveCfg = Release|Win32
		{F8BF7522-5032-4AEF-8840-CC77E9C9D67A}.Release|x86.Build.0 = Release|Win32
	EndGlobalSection
	GlobalSection(SolutionProperties) = preSolution
		HideSolutionNode = FALSE
	EndGlobalSection
	GlobalSection(ExtensibilityGlobals) = postSolution
		SolutionGuid = {5C26B1BF-DA2B-43FE-93B0-49E8C1F06881}
	EndGlobalSection
EndGlobal
